
Microsoft Visual Studio Solution File, Format Version 12.00
# Visual Studio Version 16
VisualStudioVersion = 16.0.29613.14
MinimumVisualStudioVersion = 10.0.40219.1
Project("{FAE04EC0-301F-11D3-BF4B-00C04F79EFBC}") = "RandoWebService", "RandoWebService\RandoWebService.csproj", "{7DA5A453-BB4F-42A1-BA61-250DF8FA9FBF}"
EndProject
Project("{FAE04EC0-301F-11D3-BF4B-00C04F79EFBC}") = "example", "example\example.csproj", "{C064D4F1-3788-482F-99C4-CF393E160BF9}"
EndProject
Project("{FAE04EC0-301F-11D3-BF4B-00C04F79EFBC}") = "exampleangular", "exampleangular\exampleangular.csproj", "{6AA61BAA-41AD-4B1E-A794-FB40ACB6ED92}"
EndProject
Project("{FAE04EC0-301F-11D3-BF4B-00C04F79EFBC}") = "examplereact", "examplereact\examplereact.csproj", "{09E7CBE1-90CF-4520-B581-0D39D7D3B6B7}"
EndProject
Project("{FAE04EC0-301F-11D3-BF4B-00C04F79EFBC}") = "examplereactredux", "examplereactredux\examplereactredux.csproj", "{B589A48C-38EF-4657-97BE-982D4F23D1EC}"
EndProject
Project("{F2A71F9B-5D33-465A-A702-920D77279786}") = "examplefsharpweb", "examplefsharpweb\examplefsharpweb.fsproj", "{0C161E64-24A0-4958-9031-698E5552DC7A}"
EndProject
Project("{F2A71F9B-5D33-465A-A702-920D77279786}") = "FSharpLib", "FSharpLib\FSharpLib.fsproj", "{E3AEE7C1-3809-4205-A8C3-E3F42C7A3AE3}"
EndProject
Global
	GlobalSection(SolutionConfigurationPlatforms) = preSolution
		Debug|Any CPU = Debug|Any CPU
		Release|Any CPU = Release|Any CPU
	EndGlobalSection
	GlobalSection(ProjectConfigurationPlatforms) = postSolution
		{7DA5A453-BB4F-42A1-BA61-250DF8FA9FBF}.Debug|Any CPU.ActiveCfg = Debug|Any CPU
		{7DA5A453-BB4F-42A1-BA61-250DF8FA9FBF}.Debug|Any CPU.Build.0 = Debug|Any CPU
		{7DA5A453-BB4F-42A1-BA61-250DF8FA9FBF}.Release|Any CPU.ActiveCfg = Release|Any CPU
		{7DA5A453-BB4F-42A1-BA61-250DF8FA9FBF}.Release|Any CPU.Build.0 = Release|Any CPU
		{C064D4F1-3788-482F-99C4-CF393E160BF9}.Debug|Any CPU.ActiveCfg = Debug|Any CPU
		{C064D4F1-3788-482F-99C4-CF393E160BF9}.Debug|Any CPU.Build.0 = Debug|Any CPU
		{C064D4F1-3788-482F-99C4-CF393E160BF9}.Release|Any CPU.ActiveCfg = Release|Any CPU
		{C064D4F1-3788-482F-99C4-CF393E160BF9}.Release|Any CPU.Build.0 = Release|Any CPU
		{6AA61BAA-41AD-4B1E-A794-FB40ACB6ED92}.Debug|Any CPU.ActiveCfg = Debug|Any CPU
		{6AA61BAA-41AD-4B1E-A794-FB40ACB6ED92}.Debug|Any CPU.Build.0 = Debug|Any CPU
		{6AA61BAA-41AD-4B1E-A794-FB40ACB6ED92}.Release|Any CPU.ActiveCfg = Release|Any CPU
		{6AA61BAA-41AD-4B1E-A794-FB40ACB6ED92}.Release|Any CPU.Build.0 = Release|Any CPU
		{09E7CBE1-90CF-4520-B581-0D39D7D3B6B7}.Debug|Any CPU.ActiveCfg = Debug|Any CPU
		{09E7CBE1-90CF-4520-B581-0D39D7D3B6B7}.Debug|Any CPU.Build.0 = Debug|Any CPU
		{09E7CBE1-90CF-4520-B581-0D39D7D3B6B7}.Release|Any CPU.ActiveCfg = Release|Any CPU
		{09E7CBE1-90CF-4520-B581-0D39D7D3B6B7}.Release|Any CPU.Build.0 = Release|Any CPU
		{B589A48C-38EF-4657-97BE-982D4F23D1EC}.Debug|Any CPU.ActiveCfg = Debug|Any CPU
		{B589A48C-38EF-4657-97BE-982D4F23D1EC}.Debug|Any CPU.Build.0 = Debug|Any CPU
		{B589A48C-38EF-4657-97BE-982D4F23D1EC}.Release|Any CPU.ActiveCfg = Release|Any CPU
		{B589A48C-38EF-4657-97BE-982D4F23D1EC}.Release|Any CPU.Build.0 = Release|Any CPU
		{0C161E64-24A0-4958-9031-698E5552DC7A}.Debug|Any CPU.ActiveCfg = Debug|Any CPU
		{0C161E64-24A0-4958-9031-698E5552DC7A}.Debug|Any CPU.Build.0 = Debug|Any CPU
		{0C161E64-24A0-4958-9031-698E5552DC7A}.Release|Any CPU.ActiveCfg = Release|Any CPU
		{0C161E64-24A0-4958-9031-698E5552DC7A}.Release|Any CPU.Build.0 = Release|Any CPU
		{E3AEE7C1-3809-4205-A8C3-E3F42C7A3AE3}.Debug|Any CPU.ActiveCfg = Debug|Any CPU
		{E3AEE7C1-3809-4205-A8C3-E3F42C7A3AE3}.Debug|Any CPU.Build.0 = Debug|Any CPU
		{E3AEE7C1-3809-4205-A8C3-E3F42C7A3AE3}.Release|Any CPU.ActiveCfg = Release|Any CPU
		{E3AEE7C1-3809-4205-A8C3-E3F42C7A3AE3}.Release|Any CPU.Build.0 = Release|Any CPU
	EndGlobalSection
	GlobalSection(SolutionProperties) = preSolution
		HideSolutionNode = FALSE
	EndGlobalSection
	GlobalSection(ExtensibilityGlobals) = postSolution
		SolutionGuid = {EE1D0386-DB22-42E7-9121-FAC84177EF87}
	EndGlobalSection
EndGlobal
